
Microsoft Visual Studio Solution File, Format Version 12.00
# Visual Studio Version 16
VisualStudioVersion = 16.0.31321.278
MinimumVisualStudioVersion = 10.0.40219.1
Project("{FAE04EC0-301F-11D3-BF4B-00C04F79EFBC}") = "webApi", "webApi\webApi.csproj", "{2817BDED-7175-4B76-BA62-83BECF31C85B}"
EndProject
Global
	GlobalSection(SolutionConfigurationPlatforms) = preSolution
		Debug|Any CPU = Debug|Any CPU
		Release|Any CPU = Release|Any CPU
	EndGlobalSection
	GlobalSection(ProjectConfigurationPlatforms) = postSolution
		{2817BDED-7175-4B76-BA62-83BECF31C85B}.Debug|Any CPU.ActiveCfg = Debug|Any CPU
		{2817BDED-7175-4B76-BA62-83BECF31C85B}.Debug|Any CPU.Build.0 = Debug|Any CPU
		{2817BDED-7175-4B76-BA62-83BECF31C85B}.Release|Any CPU.ActiveCfg = Release|Any CPU
		{2817BDED-7175-4B76-BA62-83BECF31C85B}.Release|Any CPU.Build.0 = Release|Any CPU
	EndGlobalSection
	GlobalSection(SolutionProperties) = preSolution
		HideSolutionNode = FALSE
	EndGlobalSection
	GlobalSection(ExtensibilityGlobals) = postSolution
		SolutionGuid = {57564301-FEF7-4EBA-841D-B47181881D84}
	EndGlobalSection
EndGlobal
